{
  "version": 4,
  "terraform_version": "0.14.10",
  "serial": 52,
  "lineage": "e4b8b23b-b3f0-c64a-2558-adcb0ed03fa8",
  "outputs": {},
  "resources": [
    {
      "mode": "data",
      "type": "aws_ami",
      "name": "amazon_linux",
      "provider": "provider[\"registry.terraform.io/hashicorp/aws\"]",
      "instances": [
        {
          "schema_version": 0,
          "attributes": {
            "architecture": "x86_64",
            "arn": "arn:aws:ec2:us-east-1::image/ami-0742b4e673072066f",
            "block_device_mappings": [
              {
                "device_name": "/dev/xvda",
                "ebs": {
                  "delete_on_termination": "true",
                  "encrypted": "false",
                  "iops": "0",
                  "snapshot_id": "snap-097c45e6d3c6e1d1b",
                  "throughput": "0",
                  "volume_size": "8",
                  "volume_type": "gp2"
                },
                "no_device": "",
                "virtual_name": ""
              }
            ],
            "creation_date": "2021-03-26T23:02:52.000Z",
            "description": "Amazon Linux 2 AMI 2.0.20210326.0 x86_64 HVM gp2",
            "ena_support": true,
            "executable_users": null,
            "filter": [
              {
                "name": "architecture",
                "values": [
                  "x86_64"
                ]
              },
              {
                "name": "name",
                "values": [
                  "amzn2-ami-hvm-2.0*"
                ]
              },
              {
                "name": "virtualization-type",
                "values": [
                  "hvm"
                ]
              }
            ],
            "hypervisor": "xen",
            "id": "ami-0742b4e673072066f",
            "image_id": "ami-0742b4e673072066f",
            "image_location": "amazon/amzn2-ami-hvm-2.0.20210326.0-x86_64-gp2",
            "image_owner_alias": "amazon",
            "image_type": "machine",
            "kernel_id": null,
            "most_recent": true,
            "name": "amzn2-ami-hvm-2.0.20210326.0-x86_64-gp2",
            "name_regex": null,
            "owner_id": "137112412989",
            "owners": [
              "amazon"
            ],
            "platform": null,
            "platform_details": "Linux/UNIX",
            "product_codes": [],
            "public": true,
            "ramdisk_id": null,
            "root_device_name": "/dev/xvda",
            "root_device_type": "ebs",
            "root_snapshot_id": "snap-097c45e6d3c6e1d1b",
            "sriov_net_support": "simple",
            "state": "available",
            "state_reason": {
              "code": "UNSET",
              "message": "UNSET"
            },
            "tags": {},
            "usage_operation": "RunInstances",
            "virtualization_type": "hvm"
          },
          "sensitive_attributes": []
        }
      ]
    },
    {
      "mode": "data",
      "type": "cloudinit_config",
      "name": "init",
      "provider": "provider[\"registry.terraform.io/hashicorp/cloudinit\"]",
      "instances": [
        {
          "schema_version": 0,
          "attributes": {
            "base64_encode": true,
            "boundary": "MIMEBOUNDARY",
            "gzip": true,
            "id": "4050869201",
            "part": [
              {
                "content": "#!/bin/bash\n\nset -ex\n\nyum install -y wget\n\nfunction create_dynamo_document () {\n  INSTANCE_ID=$1\n  AVAILABILITY_ZONE=$2\n  INSTANCE_TYPE=$3\n  FILENAME=\"Upload_$1.json\"\n  printf '{\"MachineID\": {\"S\": \"%s\"}, \"AvailabilityZone\": {\"S\": \"%s\"}, \"InstanceType\": {\"S\": \"%s\"}}\\n' \"$INSTANCE_ID\" \"$AVAILABILITY_ZONE\" \"$INSTANCE_TYPE\" \u003e $FILENAME\n  aws dynamodb put-item \\\n              --region $AWS_REGION \\\n              --table-name vouch-operations-MachineState \\\n              --item file://$FILENAME\n}\n\nINSTANCE_ID=$(wget -q -O - http://169.254.169.254/latest/meta-data/instance-id)\nAVAILABILITY_ZONE=$(wget -q -O - http://169.254.169.254/latest/meta-data/placement/availability-zone)\nINSTANCE_TYPE=$(wget -q -O - http://169.254.169.254/latest/meta-data/instance-type)\nexport AWS_REGION=$(wget -q -O - http://169.254.169.254/latest/meta-data/placement/region)\n\ncreate_dynamo_document \"$INSTANCE_ID\" \"$AVAILABILITY_ZONE\" \"$INSTANCE_TYPE\"\n",
                "content_type": "text/x-shellscript",
                "filename": "upload_machine_data.sh",
                "merge_type": ""
              }
            ],
            "rendered": "H4sIAAAAAAAA/6SUX0/bShDF31fKd5i711cQ6W7c0H+qUSoZ4laWSFKRQAVCstb2BG9l77reMcRFfPdqCYjQ0Bfwi2X5ePybc459aDShJrHoagygaktStWzIr9QK831ITatz2XQjPokn0cHsZDoOj884c1fiFBurjA5gOHjTYz0mxKaoxx5mj5WtjVV0p5VEMisq1LQPS1WilhWOeFuXRuZJJbNCaUxySXJgC/44Y9FIbZfYiEhnJlf6MoCPqaINwd0ChCvyV8IWWJY2a1RNPTZRFW6x/vuPnyrtp9IWjFkkELhirGsrUNqSLEsQHVxfIjG2bHXm2CFrUBImeadlZZLcZK1bA3b7cMMA4ul8EU4PoyQej7whAwhPw/goPIiP4sVZcj6bRiNvb1O3OPsWjby3DOBLfBRNw0k04idrH7zh4Ic1mjOAulGalrBzwydrc+IxD+CGz3kA/D/Lb/8HHl5JVcpUlYq6c6NxSxC7nXSGzqSnN28v9A5wbwOeA/e20PmmxoFz+AzeAzcDkNcW1sbkKdQtCUVYwQWDJ4cQDV46K73w+zw5jr7Gs+kzIpJpicI1A65MmxXC1NhIl4EV9y7MSRI+8+jda12vAt9/5Ltl7Ek8uy5ZED9BzEBAQVQHvj/88Gmw9/7d4P7sl5LQkl8hSeEK6at7F4XK++yZdF82tS5lhq5IvtyIUfwyGvvsj7K8kpu6GvsMV7VpCB4TeD35OtU+Y3/5RF5SsK0fihA99jsAAP//wjaMO68EAAA="
          },
          "sensitive_attributes": []
        }
      ]
    },
    {
      "mode": "managed",
      "type": "aws_dynamodb_table",
      "name": "machine_properties",
      "provider": "provider[\"registry.terraform.io/hashicorp/aws\"]",
      "instances": [
        {
          "schema_version": 1,
          "attributes": {
            "arn": "arn:aws:dynamodb:us-east-1:341707006720:table/vouch-operations-MachineState",
            "attribute": [
              {
                "name": "MachineID",
                "type": "S"
              }
            ],
            "billing_mode": "PAY_PER_REQUEST",
            "global_secondary_index": [],
            "hash_key": "MachineID",
            "id": "vouch-operations-MachineState",
            "local_secondary_index": [],
            "name": "vouch-operations-MachineState",
            "point_in_time_recovery": [
              {
                "enabled": false
              }
            ],
            "range_key": null,
            "read_capacity": 0,
            "replica": [],
            "server_side_encryption": [],
            "stream_arn": "",
            "stream_enabled": false,
            "stream_label": "",
            "stream_view_type": "",
            "tags": null,
            "timeouts": null,
            "ttl": [
              {
                "attribute_name": "",
                "enabled": false
              }
            ],
            "write_capacity": 0
          },
          "sensitive_attributes": [],
          "private": "eyJlMmJmYjczMC1lY2FhLTExZTYtOGY4OC0zNDM2M2JjN2M0YzAiOnsiY3JlYXRlIjo2MDAwMDAwMDAwMDAsImRlbGV0ZSI6NjAwMDAwMDAwMDAwLCJ1cGRhdGUiOjM2MDAwMDAwMDAwMDB9LCJzY2hlbWFfdmVyc2lvbiI6IjEifQ=="
        }
      ]
    },
    {
      "mode": "managed",
      "type": "aws_iam_instance_profile",
      "name": "machine",
      "provider": "provider[\"registry.terraform.io/hashicorp/aws\"]",
      "instances": [
        {
          "schema_version": 0,
          "attributes": {
            "arn": "arn:aws:iam::341707006720:instance-profile/machine-instance20210408151918988600000002",
            "create_date": "2021-04-08T15:19:19Z",
            "id": "machine-instance20210408151918988600000002",
            "name": "machine-instance20210408151918988600000002",
            "name_prefix": "machine-instance",
            "path": "/",
            "role": "machine-role",
            "unique_id": "AIPAU7D2TEMAJOGIVKE4B"
          },
          "sensitive_attributes": [],
          "private": "bnVsbA==",
          "dependencies": [
            "aws_iam_role.machine"
          ]
        }
      ]
    },
    {
      "mode": "managed",
      "type": "aws_iam_role",
      "name": "machine",
      "provider": "provider[\"registry.terraform.io/hashicorp/aws\"]",
      "instances": [
        {
          "schema_version": 0,
          "attributes": {
            "arn": "arn:aws:iam::341707006720:role/machine-role",
            "assume_role_policy": "{\"Version\":\"2012-10-17\",\"Statement\":[{\"Sid\":\"\",\"Effect\":\"Allow\",\"Principal\":{\"Service\":\"ec2.amazonaws.com\"},\"Action\":\"sts:AssumeRole\"}]}",
            "create_date": "2021-04-08T15:19:18Z",
            "description": "",
            "force_detach_policies": false,
            "id": "machine-role",
            "inline_policy": [
              {
                "name": "",
                "policy": ""
              }
            ],
            "managed_policy_arns": [],
            "max_session_duration": 3600,
            "name": "machine-role",
            "name_prefix": null,
            "path": "/",
            "permissions_boundary": null,
            "tags": null,
            "unique_id": "AROAU7D2TEMAOXK6RQGQS"
          },
          "sensitive_attributes": [],
          "private": "bnVsbA=="
        }
      ]
    },
    {
      "mode": "managed",
      "type": "aws_iam_role_policy_attachment",
      "name": "test-attach",
      "provider": "provider[\"registry.terraform.io/hashicorp/aws\"]",
      "instances": [
        {
          "schema_version": 0,
          "attributes": {
            "id": "machine-role-20210408151919043700000003",
            "policy_arn": "arn:aws:iam::aws:policy/AmazonDynamoDBFullAccess",
            "role": "machine-role"
          },
          "sensitive_attributes": [],
          "private": "bnVsbA==",
          "dependencies": [
            "aws_iam_role.machine"
          ]
        }
      ]
    },
    {
      "mode": "managed",
      "type": "aws_instance",
      "name": "machine",
      "provider": "provider[\"registry.terraform.io/hashicorp/aws\"]",
      "instances": [
        {
          "schema_version": 1,
          "attributes": {
            "ami": "ami-0742b4e673072066f",
            "arn": "arn:aws:ec2:us-east-1:341707006720:instance/i-02d0ad80bc357d04e",
            "associate_public_ip_address": true,
            "availability_zone": "us-east-1a",
            "cpu_core_count": 1,
            "cpu_threads_per_core": 2,
            "credit_specification": [
              {
                "cpu_credits": "unlimited"
              }
            ],
            "disable_api_termination": false,
            "ebs_block_device": [],
            "ebs_optimized": false,
            "enclave_options": [
              {
                "enabled": false
              }
            ],
            "ephemeral_block_device": [],
            "get_password_data": false,
            "hibernation": false,
            "host_id": null,
            "iam_instance_profile": "machine-instance20210408151918988600000002",
            "id": "i-02d0ad80bc357d04e",
            "instance_initiated_shutdown_behavior": null,
            "instance_state": "running",
            "instance_type": "t3.micro",
            "ipv6_address_count": 0,
            "ipv6_addresses": [],
            "key_name": "terraform-20210408151918664800000001",
            "metadata_options": [
              {
                "http_endpoint": "enabled",
                "http_put_response_hop_limit": 1,
                "http_tokens": "optional"
              }
            ],
            "monitoring": false,
            "network_interface": [],
            "outpost_arn": "",
            "password_data": "",
            "placement_group": "",
            "primary_network_interface_id": "eni-0c7e1b1769a2e9beb",
            "private_dns": "ip-10-10-1-87.ec2.internal",
            "private_ip": "10.10.1.87",
            "public_dns": "ec2-34-230-51-155.compute-1.amazonaws.com",
            "public_ip": "34.230.51.155",
            "root_block_device": [
              {
                "delete_on_termination": true,
                "device_name": "/dev/xvda",
                "encrypted": false,
                "iops": 100,
                "kms_key_id": "",
                "tags": null,
                "throughput": 0,
                "volume_id": "vol-03d0a5004dd2b61de",
                "volume_size": 20,
                "volume_type": "gp2"
              }
            ],
            "secondary_private_ips": [],
            "security_groups": [],
            "source_dest_check": true,
            "subnet_id": "subnet-0ae89ffbbf7e6a7bc",
            "tags": {
              "Name": "vouch-operations"
            },
            "tenancy": "default",
            "timeouts": null,
            "user_data": null,
            "user_data_base64": "H4sIAAAAAAAA/6SUX0/bShDF31fKd5i711cQ6W7c0H+qUSoZ4laWSFKRQAVCstb2BG9l77reMcRFfPdqCYjQ0Bfwi2X5ePybc459aDShJrHoagygaktStWzIr9QK831ITatz2XQjPokn0cHsZDoOj884c1fiFBurjA5gOHjTYz0mxKaoxx5mj5WtjVV0p5VEMisq1LQPS1WilhWOeFuXRuZJJbNCaUxySXJgC/44Y9FIbZfYiEhnJlf6MoCPqaINwd0ChCvyV8IWWJY2a1RNPTZRFW6x/vuPnyrtp9IWjFkkELhirGsrUNqSLEsQHVxfIjG2bHXm2CFrUBImeadlZZLcZK1bA3b7cMMA4ul8EU4PoyQej7whAwhPw/goPIiP4sVZcj6bRiNvb1O3OPsWjby3DOBLfBRNw0k04idrH7zh4Ic1mjOAulGalrBzwydrc+IxD+CGz3kA/D/Lb/8HHl5JVcpUlYq6c6NxSxC7nXSGzqSnN28v9A5wbwOeA/e20PmmxoFz+AzeAzcDkNcW1sbkKdQtCUVYwQWDJ4cQDV46K73w+zw5jr7Gs+kzIpJpicI1A65MmxXC1NhIl4EV9y7MSRI+8+jda12vAt9/5Ltl7Ek8uy5ZED9BzEBAQVQHvj/88Gmw9/7d4P7sl5LQkl8hSeEK6at7F4XK++yZdF82tS5lhq5IvtyIUfwyGvvsj7K8kpu6GvsMV7VpCB4TeD35OtU+Y3/5RF5SsK0fihA99jsAAP//wjaMO68EAAA=",
            "volume_tags": null,
            "vpc_security_group_ids": [
              "sg-0dd38c7c31180df78"
            ]
          },
          "sensitive_attributes": [],
          "private": "eyJlMmJmYjczMC1lY2FhLTExZTYtOGY4OC0zNDM2M2JjN2M0YzAiOnsiY3JlYXRlIjo2MDAwMDAwMDAwMDAsImRlbGV0ZSI6MTIwMDAwMDAwMDAwMCwidXBkYXRlIjo2MDAwMDAwMDAwMDB9LCJzY2hlbWFfdmVyc2lvbiI6IjEifQ==",
          "dependencies": [
            "aws_iam_instance_profile.machine",
            "aws_iam_role.machine",
            "aws_key_pair.developer",
            "aws_security_group.machine_access",
            "aws_subnet.public-subnet",
            "aws_vpc.default",
            "data.aws_ami.amazon_linux",
            "data.cloudinit_config.init"
          ]
        }
      ]
    },
    {
      "mode": "managed",
      "type": "aws_internet_gateway",
      "name": "gw",
      "provider": "provider[\"registry.terraform.io/hashicorp/aws\"]",
      "instances": [
        {
          "schema_version": 0,
          "attributes": {
            "arn": "arn:aws:ec2:us-east-1:341707006720:internet-gateway/igw-04d244e31c20e0bb2",
            "id": "igw-04d244e31c20e0bb2",
            "owner_id": "341707006720",
            "tags": null,
            "vpc_id": "vpc-0c846721068bb9b45"
          },
          "sensitive_attributes": [],
          "private": "bnVsbA==",
          "dependencies": [
            "aws_vpc.default"
          ]
        }
      ]
    },
    {
      "mode": "managed",
      "type": "aws_key_pair",
      "name": "developer",
      "provider": "provider[\"registry.terraform.io/hashicorp/aws\"]",
      "instances": [
        {
          "schema_version": 1,
          "attributes": {
            "arn": "arn:aws:ec2:us-east-1:341707006720:key-pair/terraform-20210408151918664800000001",
            "fingerprint": "6a:3e:e4:25:67:e2:32:91:d9:ea:2c:43:7b:43:95:77",
            "id": "terraform-20210408151918664800000001",
            "key_name": "terraform-20210408151918664800000001",
            "key_name_prefix": null,
            "key_pair_id": "key-03e39ff51f1fa1de4",
            "public_key": "ssh-rsa AAAAB3NzaC1yc2EAAAADAQABAAABAQDJEZZJQ6HvNwiOt61laLxzLjX9Lps4avZ+2sj/DBZvW/nm4X/w59bRFF9B6IBNr1ZMxTd2xmOZSiSceL+tWxtRqnz4AtIdwIF6V3z79t+XASSL2f9YGepWMned/MeDn8i7rT2LfHccQK556YX9sUu8NdKYM1fr5yNcYctqoehs3pgQ0Ieumtt2VnNHSD5sBw21pT0n3BY1I6XENKzVqDZ7W44cAMiTofV6nbk62dM8FiJMgTPoZYMmoqFHUZAOq6cYZ/5klzfDPXfcU4+v1MIb+00CtuU4wWvMClRsAqTaRDYRlxfCShXhqgPJNCw1g6cLsWViZWBsybkKH8P7QBlX ec2-user@ip-172-16-227-229.ec2.internal",
            "tags": null
          },
          "sensitive_attributes": [],
          "private": "eyJzY2hlbWFfdmVyc2lvbiI6IjEifQ=="
        }
      ]
    },
    {
      "mode": "managed",
      "type": "aws_route_table",
      "name": "web-public-rt",
      "provider": "provider[\"registry.terraform.io/hashicorp/aws\"]",
      "instances": [
        {
          "schema_version": 0,
          "attributes": {
            "id": "rtb-0738506f75077b22e",
            "owner_id": "341707006720",
            "propagating_vgws": [],
            "route": [
              {
                "cidr_block": "0.0.0.0/0",
                "egress_only_gateway_id": "",
                "gateway_id": "igw-04d244e31c20e0bb2",
                "instance_id": "",
                "ipv6_cidr_block": "",
                "local_gateway_id": "",
                "nat_gateway_id": "",
                "network_interface_id": "",
                "transit_gateway_id": "",
                "vpc_endpoint_id": "",
                "vpc_peering_connection_id": ""
              }
            ],
            "tags": null,
            "vpc_id": "vpc-0c846721068bb9b45"
          },
          "sensitive_attributes": [],
          "private": "bnVsbA==",
          "dependencies": [
            "aws_internet_gateway.gw",
            "aws_vpc.default"
          ]
        }
      ]
    },
    {
      "mode": "managed",
      "type": "aws_route_table_association",
      "name": "web-public-rt",
      "provider": "provider[\"registry.terraform.io/hashicorp/aws\"]",
      "instances": [
        {
          "schema_version": 0,
          "attributes": {
            "gateway_id": null,
            "id": "rtbassoc-09d4a35b4d10d74da",
            "route_table_id": "rtb-0738506f75077b22e",
            "subnet_id": "subnet-0ae89ffbbf7e6a7bc"
          },
          "sensitive_attributes": [],
          "private": "bnVsbA==",
          "dependencies": [
            "aws_internet_gateway.gw",
            "aws_route_table.web-public-rt",
            "aws_subnet.public-subnet",
            "aws_vpc.default"
          ]
        }
      ]
    },
    {
      "mode": "managed",
      "type": "aws_security_group",
      "name": "machine_access",
      "provider": "provider[\"registry.terraform.io/hashicorp/aws\"]",
      "instances": [
        {
          "schema_version": 1,
          "attributes": {
            "arn": "arn:aws:ec2:us-east-1:341707006720:security-group/sg-0dd38c7c31180df78",
            "description": "Managed by Terraform",
            "egress": [
              {
                "cidr_blocks": [
                  "0.0.0.0/0"
                ],
                "description": "",
                "from_port": 0,
                "ipv6_cidr_blocks": [],
                "prefix_list_ids": [],
                "protocol": "-1",
                "security_groups": [],
                "self": false,
                "to_port": 0
              }
            ],
            "id": "sg-0dd38c7c31180df78",
            "ingress": [
              {
                "cidr_blocks": [
                  "0.0.0.0/0"
                ],
                "description": "SSH",
                "from_port": 22,
                "ipv6_cidr_blocks": [],
                "prefix_list_ids": [],
                "protocol": "tcp",
                "security_groups": [],
                "self": false,
                "to_port": 22
              }
            ],
            "name": "vouch-operations20210408151929969300000004",
            "name_prefix": "vouch-operations",
            "owner_id": "341707006720",
            "revoke_rules_on_delete": false,
            "tags": null,
            "timeouts": null,
            "vpc_id": "vpc-0c846721068bb9b45"
          },
          "sensitive_attributes": [],
          "private": "eyJlMmJmYjczMC1lY2FhLTExZTYtOGY4OC0zNDM2M2JjN2M0YzAiOnsiY3JlYXRlIjo2MDAwMDAwMDAwMDAsImRlbGV0ZSI6NjAwMDAwMDAwMDAwfSwic2NoZW1hX3ZlcnNpb24iOiIxIn0=",
          "dependencies": [
            "aws_vpc.default"
          ]
        }
      ]
    },
    {
      "mode": "managed",
      "type": "aws_subnet",
      "name": "public-subnet",
      "provider": "provider[\"registry.terraform.io/hashicorp/aws\"]",
      "instances": [
        {
          "schema_version": 1,
          "attributes": {
            "arn": "arn:aws:ec2:us-east-1:341707006720:subnet/subnet-0ae89ffbbf7e6a7bc",
            "assign_ipv6_address_on_creation": false,
            "availability_zone": "us-east-1a",
            "availability_zone_id": "use1-az6",
            "cidr_block": "10.10.1.0/24",
            "customer_owned_ipv4_pool": "",
            "id": "subnet-0ae89ffbbf7e6a7bc",
            "ipv6_cidr_block": "",
            "ipv6_cidr_block_association_id": "",
            "map_customer_owned_ip_on_launch": false,
            "map_public_ip_on_launch": false,
            "outpost_arn": "",
            "owner_id": "341707006720",
            "tags": null,
            "timeouts": null,
            "vpc_id": "vpc-0c846721068bb9b45"
          },
          "sensitive_attributes": [],
          "private": "eyJlMmJmYjczMC1lY2FhLTExZTYtOGY4OC0zNDM2M2JjN2M0YzAiOnsiY3JlYXRlIjo2MDAwMDAwMDAwMDAsImRlbGV0ZSI6MTIwMDAwMDAwMDAwMH0sInNjaGVtYV92ZXJzaW9uIjoiMSJ9",
          "dependencies": [
            "aws_vpc.default"
          ]
        }
      ]
    },
    {
      "mode": "managed",
      "type": "aws_vpc",
      "name": "default",
      "provider": "provider[\"registry.terraform.io/hashicorp/aws\"]",
      "instances": [
        {
          "schema_version": 1,
          "attributes": {
            "arn": "arn:aws:ec2:us-east-1:341707006720:vpc/vpc-0c846721068bb9b45",
            "assign_generated_ipv6_cidr_block": false,
            "cidr_block": "10.10.0.0/16",
            "default_network_acl_id": "acl-070b12d9a88afa499",
            "default_route_table_id": "rtb-08d6c21a25bca60e1",
            "default_security_group_id": "sg-0ea5e13abdccbd40a",
            "dhcp_options_id": "dopt-7a4c5e18",
            "enable_classiclink": false,
            "enable_classiclink_dns_support": false,
            "enable_dns_hostnames": true,
            "enable_dns_support": true,
            "id": "vpc-0c846721068bb9b45",
            "instance_tenancy": "default",
            "ipv6_association_id": "",
            "ipv6_cidr_block": "",
            "main_route_table_id": "rtb-08d6c21a25bca60e1",
            "owner_id": "341707006720",
            "tags": null
          },
          "sensitive_attributes": [],
          "private": "eyJzY2hlbWFfdmVyc2lvbiI6IjEifQ=="
        }
      ]
    }
  ]
}
